{
  "name": "iheathclinic",
  "lockfileVersion": 3,
  "requires": true,
  "packages": {
    "": {
      "dependencies": {
        "txt": "^1.0.0"
      }
    },
    "node_modules/txt": {
      "version": "1.0.0",
      "resolved": "https://registry.npmjs.org/txt/-/txt-1.0.0.tgz",
      "integrity": "sha512-9RD5J68YdZzkXQvu/IfQ/19+bRCvejxAoFlFkM079HFoEBpE+RAcd+3D+MmcINSg2+KBilWOLZ1uh7MqKaCyZg==",
      "license": "MIT"
    }
  }
}
